
Microsoft Visual Studio Solution File, Format Version 12.00
# Visual Studio Version 17
VisualStudioVersion = 17.3.32811.315
MinimumVisualStudioVersion = 10.0.40219.1
Project("{9A19103F-16F7-4668-BE54-9A1E7A4F7556}") = "PruebaTrabajo", "PruebaTrabajo\PruebaTrabajo.csproj", "{BD923633-9068-4076-9477-64E0C401159D}"
EndProject
Global
	GlobalSection(SolutionConfigurationPlatforms) = preSolution
		Debug|Any CPU = Debug|Any CPU
		Release|Any CPU = Release|Any CPU
	EndGlobalSection
	GlobalSection(ProjectConfigurationPlatforms) = postSolution
		{BD923633-9068-4076-9477-64E0C401159D}.Debug|Any CPU.ActiveCfg = Debug|Any CPU
		{BD923633-9068-4076-9477-64E0C401159D}.Debug|Any CPU.Build.0 = Debug|Any CPU
		{BD923633-9068-4076-9477-64E0C401159D}.Release|Any CPU.ActiveCfg = Release|Any CPU
		{BD923633-9068-4076-9477-64E0C401159D}.Release|Any CPU.Build.0 = Release|Any CPU
	EndGlobalSection
	GlobalSection(SolutionProperties) = preSolution
		HideSolutionNode = FALSE
	EndGlobalSection
	GlobalSection(ExtensibilityGlobals) = postSolution
		SolutionGuid = {75E9D842-AF05-447F-A44E-7AE5FC01C3E4}
	EndGlobalSection
EndGlobal
